
Microsoft Visual Studio Solution File, Format Version 12.00
# Visual Studio Version 17
VisualStudioVersion = 17.5.002.0
MinimumVisualStudioVersion = 10.0.40219.1
Project("{9A19103F-16F7-4668-BE54-9A1E7A4F7556}") = "InterfaceEnemy", "InterfaceEnemy.csproj", "{A9C8BB72-8902-4C9F-A239-226AADE45BE4}"
EndProject
Global
	GlobalSection(SolutionConfigurationPlatforms) = preSolution
		Debug|Any CPU = Debug|Any CPU
		Release|Any CPU = Release|Any CPU
	EndGlobalSection
	GlobalSection(ProjectConfigurationPlatforms) = postSolution
		{A9C8BB72-8902-4C9F-A239-226AADE45BE4}.Debug|Any CPU.ActiveCfg = Debug|Any CPU
		{A9C8BB72-8902-4C9F-A239-226AADE45BE4}.Debug|Any CPU.Build.0 = Debug|Any CPU
		{A9C8BB72-8902-4C9F-A239-226AADE45BE4}.Release|Any CPU.ActiveCfg = Release|Any CPU
		{A9C8BB72-8902-4C9F-A239-226AADE45BE4}.Release|Any CPU.Build.0 = Release|Any CPU
	EndGlobalSection
	GlobalSection(SolutionProperties) = preSolution
		HideSolutionNode = FALSE
	EndGlobalSection
	GlobalSection(ExtensibilityGlobals) = postSolution
		SolutionGuid = {090256A0-6070-43F6-B7D7-35150193EBE1}
	EndGlobalSection
EndGlobal
